
Microsoft Visual Studio Solution File, Format Version 12.00
# Visual Studio Version 17
VisualStudioVersion = 17.1.32328.378
MinimumVisualStudioVersion = 10.0.40219.1
Project("{FAE04EC0-301F-11D3-BF4B-00C04F79EFBC}") = "Lab1.1", "Lab1.1\Lab1.1.csproj", "{BA488502-74B3-490B-9450-F1C8DC584349}"
EndProject
Project("{FAE04EC0-301F-11D3-BF4B-00C04F79EFBC}") = "Lab1.4", "Lab1.4\Lab1.4.csproj", "{CCAF6E73-B63C-42AD-B8A6-2D30E1403AD6}"
EndProject
Project("{FAE04EC0-301F-11D3-BF4B-00C04F79EFBC}") = "Lab2.1", "Lab2.1\Lab2.1.csproj", "{3967AD5B-46C8-4374-8C2E-A6E8E56E473F}"
EndProject
Project("{FAE04EC0-301F-11D3-BF4B-00C04F79EFBC}") = "Lab2.2", "Lab2.2\Lab2.2.csproj", "{B4058F71-2B68-4C77-92D0-39D62451CA62}"
EndProject
Project("{FAE04EC0-301F-11D3-BF4B-00C04F79EFBC}") = "Lab3.1", "Lab3.1\Lab3.1.csproj", "{AF62F7D4-78AD-4678-A4CC-E227AC2B688A}"
EndProject
Global
	GlobalSection(SolutionConfigurationPlatforms) = preSolution
		Debug|Any CPU = Debug|Any CPU
		Release|Any CPU = Release|Any CPU
	EndGlobalSection
	GlobalSection(ProjectConfigurationPlatforms) = postSolution
		{BA488502-74B3-490B-9450-F1C8DC584349}.Debug|Any CPU.ActiveCfg = Debug|Any CPU
		{BA488502-74B3-490B-9450-F1C8DC584349}.Debug|Any CPU.Build.0 = Debug|Any CPU
		{BA488502-74B3-490B-9450-F1C8DC584349}.Release|Any CPU.ActiveCfg = Release|Any CPU
		{BA488502-74B3-490B-9450-F1C8DC584349}.Release|Any CPU.Build.0 = Release|Any CPU
		{CCAF6E73-B63C-42AD-B8A6-2D30E1403AD6}.Debug|Any CPU.ActiveCfg = Debug|Any CPU
		{CCAF6E73-B63C-42AD-B8A6-2D30E1403AD6}.Debug|Any CPU.Build.0 = Debug|Any CPU
		{CCAF6E73-B63C-42AD-B8A6-2D30E1403AD6}.Release|Any CPU.ActiveCfg = Release|Any CPU
		{CCAF6E73-B63C-42AD-B8A6-2D30E1403AD6}.Release|Any CPU.Build.0 = Release|Any CPU
		{3967AD5B-46C8-4374-8C2E-A6E8E56E473F}.Debug|Any CPU.ActiveCfg = Debug|Any CPU
		{3967AD5B-46C8-4374-8C2E-A6E8E56E473F}.Debug|Any CPU.Build.0 = Debug|Any CPU
		{3967AD5B-46C8-4374-8C2E-A6E8E56E473F}.Release|Any CPU.ActiveCfg = Release|Any CPU
		{3967AD5B-46C8-4374-8C2E-A6E8E56E473F}.Release|Any CPU.Build.0 = Release|Any CPU
		{B4058F71-2B68-4C77-92D0-39D62451CA62}.Debug|Any CPU.ActiveCfg = Debug|Any CPU
		{B4058F71-2B68-4C77-92D0-39D62451CA62}.Debug|Any CPU.Build.0 = Debug|Any CPU
		{B4058F71-2B68-4C77-92D0-39D62451CA62}.Release|Any CPU.ActiveCfg = Release|Any CPU
		{B4058F71-2B68-4C77-92D0-39D62451CA62}.Release|Any CPU.Build.0 = Release|Any CPU
		{AF62F7D4-78AD-4678-A4CC-E227AC2B688A}.Debug|Any CPU.ActiveCfg = Debug|Any CPU
		{AF62F7D4-78AD-4678-A4CC-E227AC2B688A}.Debug|Any CPU.Build.0 = Debug|Any CPU
		{AF62F7D4-78AD-4678-A4CC-E227AC2B688A}.Release|Any CPU.ActiveCfg = Release|Any CPU
		{AF62F7D4-78AD-4678-A4CC-E227AC2B688A}.Release|Any CPU.Build.0 = Release|Any CPU
	EndGlobalSection
	GlobalSection(SolutionProperties) = preSolution
		HideSolutionNode = FALSE
	EndGlobalSection
	GlobalSection(ExtensibilityGlobals) = postSolution
		SolutionGuid = {AD2AB0F6-EB59-4253-977E-5EDEA67B3EF8}
	EndGlobalSection
EndGlobal
