
Microsoft Visual Studio Solution File, Format Version 12.00
# Visual Studio Version 17
VisualStudioVersion = 17.1.32328.378
MinimumVisualStudioVersion = 10.0.40219.1
Project("{FAE04EC0-301F-11D3-BF4B-00C04F79EFBC}") = "Lab1.1", "Lab1.1\Lab1.1.csproj", "{BA488502-74B3-490B-9450-F1C8DC584349}"
EndProject
Global
	GlobalSection(SolutionConfigurationPlatforms) = preSolution
		Debug|Any CPU = Debug|Any CPU
		Release|Any CPU = Release|Any CPU
	EndGlobalSection
	GlobalSection(ProjectConfigurationPlatforms) = postSolution
		{BA488502-74B3-490B-9450-F1C8DC584349}.Debug|Any CPU.ActiveCfg = Debug|Any CPU
		{BA488502-74B3-490B-9450-F1C8DC584349}.Debug|Any CPU.Build.0 = Debug|Any CPU
		{BA488502-74B3-490B-9450-F1C8DC584349}.Release|Any CPU.ActiveCfg = Release|Any CPU
		{BA488502-74B3-490B-9450-F1C8DC584349}.Release|Any CPU.Build.0 = Release|Any CPU
	EndGlobalSection
	GlobalSection(SolutionProperties) = preSolution
		HideSolutionNode = FALSE
	EndGlobalSection
	GlobalSection(ExtensibilityGlobals) = postSolution
		SolutionGuid = {AD2AB0F6-EB59-4253-977E-5EDEA67B3EF8}
	EndGlobalSection
EndGlobal
